
Microsoft Visual Studio Solution File, Format Version 12.00
# Visual Studio Version 17
VisualStudioVersion = 17.7.34202.233
MinimumVisualStudioVersion = 10.0.40219.1
Project("{FAE04EC0-301F-11D3-BF4B-00C04F79EFBC}") = "DiscordSpam", "DiscordSpam.csproj", "{64DD5D2C-4FAB-48BD-8449-88184E9B7427}"
EndProject
Global
	GlobalSection(SolutionConfigurationPlatforms) = preSolution
		Debug|Any CPU = Debug|Any CPU
		Release|Any CPU = Release|Any CPU
	EndGlobalSection
	GlobalSection(ProjectConfigurationPlatforms) = postSolution
		{64DD5D2C-4FAB-48BD-8449-88184E9B7427}.Debug|Any CPU.ActiveCfg = Debug|Any CPU
		{64DD5D2C-4FAB-48BD-8449-88184E9B7427}.Debug|Any CPU.Build.0 = Debug|Any CPU
		{64DD5D2C-4FAB-48BD-8449-88184E9B7427}.Release|Any CPU.ActiveCfg = Release|Any CPU
		{64DD5D2C-4FAB-48BD-8449-88184E9B7427}.Release|Any CPU.Build.0 = Release|Any CPU
	EndGlobalSection
	GlobalSection(SolutionProperties) = preSolution
		HideSolutionNode = FALSE
	EndGlobalSection
	GlobalSection(ExtensibilityGlobals) = postSolution
		SolutionGuid = {86857B47-F654-4FFC-903A-BBA96FCB0DD1}
	EndGlobalSection
EndGlobal
